// !$*UTF8*$!
{
	archiveVersion = 1;
	classes = {
	};
	objectVersion = 50;
	objects = {

/* Begin PBXBuildFile section */
		298EB8DA26BD4864007CE2DC /* AppDelegate.swift in Sources */ = {isa = PBXBuildFile; fileRef = 298EB8D926BD4864007CE2DC /* AppDelegate.swift */; };
		298EB8DC26BD4864007CE2DC /* SceneDelegate.swift in Sources */ = {isa = PBXBuildFile; fileRef = 298EB8DB26BD4864007CE2DC /* SceneDelegate.swift */; };
		298EB8DE26BD4864007CE2DC /* ViewController.swift in Sources */ = {isa = PBXBuildFile; fileRef = 298EB8DD26BD4864007CE2DC /* ViewController.swift */; };
		298EB8E126BD4864007CE2DC /* Main.storyboard in Resources */ = {isa = PBXBuildFile; fileRef = 298EB8DF26BD4864007CE2DC /* Main.storyboard */; };
		298EB8E326BD4865007CE2DC /* Assets.xcassets in Resources */ = {isa = PBXBuildFile; fileRef = 298EB8E226BD4865007CE2DC /* Assets.xcassets */; };
		298EB8E626BD4865007CE2DC /* LaunchScreen.storyboard in Resources */ = {isa = PBXBuildFile; fileRef = 298EB8E426BD4865007CE2DC /* LaunchScreen.storyboard */; };
		298EB8EE26BD48A6007CE2DC /* PageCell.swift in Sources */ = {isa = PBXBuildFile; fileRef = 298EB8ED26BD48A6007CE2DC /* PageCell.swift */; };
/* End PBXBuildFile section */

/* Begin PBXFileReference section */
		298EB8D626BD4864007CE2DC /* TableView-PageCell.app */ = {isa = PBXFileReference; explicitFileType = wrapper.application; includeInIndex = 0; path = "TableView-PageCell.app"; sourceTree = BUILT_PRODUCTS_DIR; };
		298EB8D926BD4864007CE2DC /* AppDelegate.swift */ = {isa = PBXFileReference; lastKnownFileType = sourcecode.swift; path = AppDelegate.swift; sourceTree = "<group>"; };
		298EB8DB26BD4864007CE2DC /* SceneDelegate.swift */ = {isa = PBXFileReference; lastKnownFileType = sourcecode.swift; path = SceneDelegate.swift; sourceTree = "<group>"; };
		298EB8DD26BD4864007CE2DC /* ViewController.swift */ = {isa = PBXFileReference; lastKnownFileType = sourcecode.swift; path = ViewController.swift; sourceTree = "<group>"; };
		298EB8E026BD4864007CE2DC /* Base */ = {isa = PBXFileReference; lastKnownFileType = file.storyboard; name = Base; path = Base.lproj/Main.storyboard; sourceTree = "<group>"; };
		298EB8E226BD4865007CE2DC /* Assets.xcassets */ = {isa = PBXFileReference; lastKnownFileType = folder.assetcatalog; path = Assets.xcassets; sourceTree = "<group>"; };
		298EB8E526BD4865007CE2DC /* Base */ = {isa = PBXFileReference; lastKnownFileType = file.storyboard; name = Base; path = Base.lproj/LaunchScreen.storyboard; sourceTree = "<group>"; };
		298EB8E726BD4865007CE2DC /* Info.plist */ = {isa = PBXFileReference; lastKnownFileType = text.plist.xml; path = Info.plist; sourceTree = "<group>"; };
		298EB8ED26BD48A6007CE2DC /* PageCell.swift */ = {isa = PBXFileReference; lastKnownFileType = sourcecode.swift; path = PageCell.swift; sourceTree = "<group>"; };
/* End PBXFileReference section */

/* Begin PBXFrameworksBuildPhase section */
		298EB8D326BD4864007CE2DC /* Frameworks */ = {
			isa = PBXFrameworksBuildPhase;
			buildActionMask = 2147483647;
			files = (
			);
			runOnlyForDeploymentPostprocessing = 0;
		};
/* End PBXFrameworksBuildPhase section */

/* Begin PBXGroup section */
		298EB8CD26BD4864007CE2DC = {
			isa = PBXGroup;
			children = (
				298EB8D826BD4864007CE2DC /* TableView-PageCell */,
				298EB8D726BD4864007CE2DC /* Products */,
			);
			sourceTree = "<group>";
		};
		298EB8D726BD4864007CE2DC /* Products */ = {
			isa = PBXGroup;
			children = (
				298EB8D626BD4864007CE2DC /* TableView-PageCell.app */,
			);
			name = Products;
			sourceTree = "<group>";
		};
		298EB8D826BD4864007CE2DC /* TableView-PageCell */ = {
			isa = PBXGroup;
			children = (
				298EB8D926BD4864007CE2DC /* AppDelegate.swift */,
				298EB8DB26BD4864007CE2DC /* SceneDelegate.swift */,
				298EB8DD26BD4864007CE2DC /* ViewController.swift */,
				298EB8DF26BD4864007CE2DC /* Main.storyboard */,
				298EB8E226BD4865007CE2DC /* Assets.xcassets */,
				298EB8E426BD4865007CE2DC /* LaunchScreen.storyboard */,
				298EB8E726BD4865007CE2DC /* Info.plist */,
				298EB8ED26BD48A6007CE2DC /* PageCell.swift */,
			);
			path = "TableView-PageCell";
			sourceTree = "<group>";
		};
/* End PBXGroup section */

/* Begin PBXNativeTarget section */
		298EB8D526BD4864007CE2DC /* TableView-PageCell */ = {
			isa = PBXNativeTarget;
			buildConfigurationList = 298EB8EA26BD4865007CE2DC /* Build configuration list for PBXNativeTarget "TableView-PageCell" */;
			buildPhases = (
				298EB8D226BD4864007CE2DC /* Sources */,
				298EB8D326BD4864007CE2DC /* Frameworks */,
				298EB8D426BD4864007CE2DC /* Resources */,
			);
			buildRules = (
			);
			dependencies = (
			);
			name = "TableView-PageCell";
			productName = "TableView-PageCell";
			productReference = 298EB8D626BD4864007CE2DC /* TableView-PageCell.app */;
			productType = "com.apple.product-type.application";
		};
/* End PBXNativeTarget section */

/* Begin PBXProject section */
		298EB8CE26BD4864007CE2DC /* Project object */ = {
			isa = PBXProject;
			attributes = {
				LastSwiftUpdateCheck = 1250;
				LastUpgradeCheck = 1250;
				TargetAttributes = {
					298EB8D526BD4864007CE2DC = {
						CreatedOnToolsVersion = 12.5.1;
					};
				};
			};
			buildConfigurationList = 298EB8D126BD4864007CE2DC /* Build configuration list for PBXProject "TableView-PageCell" */;
			compatibilityVersion = "Xcode 9.3";
			developmentRegion = en;
			hasScannedForEncodings = 0;
			knownRegions = (
				en,
				Base,
			);
			mainGroup = 298EB8CD26BD4864007CE2DC;
			productRefGroup = 298EB8D726BD4864007CE2DC /* Products */;
			projectDirPath = "";
			projectRoot = "";
			targets = (
				298EB8D526BD4864007CE2DC /* TableView-PageCell */,
			);
		};
/* End PBXProject section */

/* Begin PBXResourcesBuildPhase section */
		298EB8D426BD4864007CE2DC /* Resources */ = {
			isa = PBXResourcesBuildPhase;
			buildActionMask = 2147483647;
			files = (
				298EB8E626BD4865007CE2DC /* LaunchScreen.storyboard in Resources */,
				298EB8E326BD4865007CE2DC /* Assets.xcassets in Resources */,
				298EB8E126BD4864007CE2DC /* Main.storyboard in Resources */,
			);
			runOnlyForDeploymentPostprocessing = 0;
		};
/* End PBXResourcesBuildPhase section */

/* Begin PBXSourcesBuildPhase section */
		298EB8D226BD4864007CE2DC /* Sources */ = {
			isa = PBXSourcesBuildPhase;
			buildActionMask = 2147483647;
			files = (
				298EB8DE26BD4864007CE2DC /* ViewController.swift in Sources */,
				298EB8DA26BD4864007CE2DC /* AppDelegate.swift in Sources */,
				298EB8EE26BD48A6007CE2DC /* PageCell.swift in Sources */,
				298EB8DC26BD4864007CE2DC /* SceneDelegate.swift in Sources */,
			);
			runOnlyForDeploymentPostprocessing = 0;
		};
/* End PBXSourcesBuildPhase section */

/* Begin PBXVariantGroup section */
		298EB8DF26BD4864007CE2DC /* Main.storyboard */ = {
			isa = PBXVariantGroup;
			children = (
				298EB8E026BD4864007CE2DC /* Base */,
			);
			name = Main.storyboard;
			sourceTree = "<group>";
		};
		298EB8E426BD4865007CE2DC /* LaunchScreen.storyboard */ = {
			isa = PBXVariantGroup;
			children = (
				298EB8E526BD4865007CE2DC /* Base */,
			);
			name = LaunchScreen.storyboard;
			sourceTree = "<group>";
		};
/* End PBXVariantGroup section */

/* Begin XCBuildConfiguration section */
		298EB8E826BD4865007CE2DC /* Debug */ = {
			isa = XCBuildConfiguration;
			buildSettings = {
				ALWAYS_SEARCH_USER_PATHS = NO;
				CLANG_ANALYZER_NONNULL = YES;
				CLANG_ANALYZER_NUMBER_OBJECT_CONVERSION = YES_AGGRESSIVE;
				CLANG_CXX_LANGUAGE_STANDARD = "gnu++14";
				CLANG_CXX_LIBRARY = "libc++";
				CLANG_ENABLE_MODULES = YES;
				CLANG_ENABLE_OBJC_ARC = YES;
				CLANG_ENABLE_OBJC_WEAK = YES;
				CLANG_WARN_BLOCK_CAPTURE_AUTORELEASING = YES;
				CLANG_WARN_BOOL_CONVERSION = YES;
				CLANG_WARN_COMMA = YES;
				CLANG_WARN_CONSTANT_CONVERSION = YES;
				CLANG_WARN_DEPRECATED_OBJC_IMPLEMENTATIONS = YES;
				CLANG_WARN_DIRECT_OBJC_ISA_USAGE = YES_ERROR;
				CLANG_WARN_DOCUMENTATION_COMMENTS = YES;
				CLANG_WARN_EMPTY_BODY = YES;
				CLANG_WARN_ENUM_CONVERSION = YES;
				CLANG_WARN_INFINITE_RECURSION = YES;
				CLANG_WARN_INT_CONVERSION = YES;
				CLANG_WARN_NON_LITERAL_NULL_CONVERSION = YES;
				CLANG_WARN_OBJC_IMPLICIT_RETAIN_SELF = YES;
				CLANG_WARN_OBJC_LITERAL_CONVERSION = YES;
				CLANG_WARN_OBJC_ROOT_CLASS = YES_ERROR;
				CLANG_WARN_QUOTED_INCLUDE_IN_FRAMEWORK_HEADER = YES;
				CLANG_WARN_RANGE_LOOP_ANALYSIS = YES;
				CLANG_WARN_STRICT_PROTOTYPES = YES;
				CLANG_WARN_SUSPICIOUS_MOVE = YES;
				CLANG_WARN_UNGUARDED_AVAILABILITY = YES_AGGRESSIVE;
				CLANG_WARN_UNREACHABLE_CODE = YES;
				CLANG_WARN__DUPLICATE_METHOD_MATCH = YES;
				COPY_PHASE_STRIP = NO;
				DEBUG_INFORMATION_FORMAT = dwarf;
				ENABLE_STRICT_OBJC_MSGSEND = YES;
				ENABLE_TESTABILITY = YES;
				GCC_C_LANGUAGE_STANDARD = gnu11;
				GCC_DYNAMIC_NO_PIC = NO;
				GCC_NO_COMMON_BLOCKS = YES;
				GCC_OPTIMIZATION_LEVEL = 0;
				GCC_PREPROCESSOR_DEFINITIONS = (
					"DEBUG=1",
					"$(inherited)",
				);
				GCC_WARN_64_TO_32_BIT_CONVERSION = YES;
				GCC_WARN_ABOUT_RETURN_TYPE = YES_ERROR;
				GCC_WARN_UNDECLARED_SELECTOR = YES;
				GCC_WARN_UNINITIALIZED_AUTOS = YES_AGGRESSIVE;
				GCC_WARN_UNUSED_FUNCTION = YES;
				GCC_WARN_UNUSED_VARIABLE = YES;
				IPHONEOS_DEPLOYMENT_TARGET = 14.5;
				MTL_ENABLE_DEBUG_INFO = INCLUDE_SOURCE;
				MTL_FAST_MATH = YES;
				ONLY_ACTIVE_ARCH = YES;
				SDKROOT = iphoneos;
				SWIFT_ACTIVE_COMPILATION_CONDITIONS = DEBUG;
				SWIFT_OPTIMIZATION_LEVEL = "-Onone";
			};
			name = Debug;
		};
		298EB8E926BD4865007CE2DC /* Release */ = {
			isa = XCBuildConfiguration;
			buildSettings = {
				ALWAYS_SEARCH_USER_PATHS = NO;
				CLANG_ANALYZER_NONNULL = YES;
				CLANG_ANALYZER_NUMBER_OBJECT_CONVERSION = YES_AGGRESSIVE;
				CLANG_CXX_LANGUAGE_STANDARD = "gnu++14";
				CLANG_CXX_LIBRARY = "libc++";
				CLANG_ENABLE_MODULES = YES;
				CLANG_ENABLE_OBJC_ARC = YES;
				CLANG_ENABLE_OBJC_WEAK = YES;
				CLANG_WARN_BLOCK_CAPTURE_AUTORELEASING = YES;
				CLANG_WARN_BOOL_CONVERSION = YES;
				CLANG_WARN_COMMA = YES;
				CLANG_WARN_CONSTANT_CONVERSION = YES;
				CLANG_WARN_DEPRECATED_OBJC_IMPLEMENTATIONS = YES;
				CLANG_WARN_DIRECT_OBJC_ISA_USAGE = YES_ERROR;
				CLANG_WARN_DOCUMENTATION_COMMENTS = YES;
				CLANG_WARN_EMPTY_BODY = YES;
				CLANG_WARN_ENUM_CONVERSION = YES;
				CLANG_WARN_INFINITE_RECURSION = YES;
				CLANG_WARN_INT_CONVERSION = YES;
				CLANG_WARN_NON_LITERAL_NULL_CONVERSION = YES;
				CLANG_WARN_OBJC_IMPLICIT_RETAIN_SELF = YES;
				CLANG_WARN_OBJC_LITERAL_CONVERSION = YES;
				CLANG_WARN_OBJC_ROOT_CLASS = YES_ERROR;
				CLANG_WARN_QUOTED_INCLUDE_IN_FRAMEWORK_HEADER = YES;
				CLANG_WARN_RANGE_LOOP_ANALYSIS = YES;
				CLANG_WARN_STRICT_PROTOTYPES = YES;
				CLANG_WARN_SUSPICIOUS_MOVE = YES;
				CLANG_WARN_UNGUARDED_AVAILABILITY = YES_AGGRESSIVE;
				CLANG_WARN_UNREACHABLE_CODE = YES;
				CLANG_WARN__DUPLICATE_METHOD_MATCH = YES;
				COPY_PHASE_STRIP = NO;
				DEBUG_INFORMATION_FORMAT = "dwarf-with-dsym";
				ENABLE_NS_ASSERTIONS = NO;
				ENABLE_STRICT_OBJC_MSGSEND = YES;
				GCC_C_LANGUAGE_STANDARD = gnu11;
				GCC_NO_COMMON_BLOCKS = YES;
				GCC_WARN_64_TO_32_BIT_CONVERSION = YES;
				GCC_WARN_ABOUT_RETURN_TYPE = YES_ERROR;
				GCC_WARN_UNDECLARED_SELECTOR = YES;
				GCC_WARN_UNINITIALIZED_AUTOS = YES_AGGRESSIVE;
				GCC_WARN_UNUSED_FUNCTION = YES;
				GCC_WARN_UNUSED_VARIABLE = YES;
				IPHONEOS_DEPLOYMENT_TARGET = 14.5;
				MTL_ENABLE_DEBUG_INFO = NO;
				MTL_FAST_MATH = YES;
				SDKROOT = iphoneos;
				SWIFT_COMPILATION_MODE = wholemodule;
				SWIFT_OPTIMIZATION_LEVEL = "-O";
				VALIDATE_PRODUCT = YES;
			};
			name = Release;
		};
		298EB8EB26BD4865007CE2DC /* Debug */ = {
			isa = XCBuildConfiguration;
			buildSettings = {
				ASSETCATALOG_COMPILER_APPICON_NAME = AppIcon;
				ASSETCATALOG_COMPILER_GLOBAL_ACCENT_COLOR_NAME = AccentColor;
				CODE_SIGN_STYLE = Automatic;
				INFOPLIST_FILE = "TableView-PageCell/Info.plist";
				LD_RUNPATH_SEARCH_PATHS = (
					"$(inherited)",
					"@executable_path/Frameworks",
				);
				PRODUCT_BUNDLE_IDENTIFIER = "com.kirow.TableView-PageCell";
				PRODUCT_NAME = "$(TARGET_NAME)";
				SWIFT_VERSION = 5.0;
				TARGETED_DEVICE_FAMILY = "1,2";
			};
			name = Debug;
		};
		298EB8EC26BD4865007CE2DC /* Release */ = {
			isa = XCBuildConfiguration;
			buildSettings = {
				ASSETCATALOG_COMPILER_APPICON_NAME = AppIcon;
				ASSETCATALOG_COMPILER_GLOBAL_ACCENT_COLOR_NAME = AccentColor;
				CODE_SIGN_STYLE = Automatic;
				INFOPLIST_FILE = "TableView-PageCell/Info.plist";
				LD_RUNPATH_SEARCH_PATHS = (
					"$(inherited)",
					"@executable_path/Frameworks",
				);
				PRODUCT_BUNDLE_IDENTIFIER = "com.kirow.TableView-PageCell";
				PRODUCT_NAME = "$(TARGET_NAME)";
				SWIFT_VERSION = 5.0;
				TARGETED_DEVICE_FAMILY = "1,2";
			};
			name = Release;
		};
/* End XCBuildConfiguration section */

/* Begin XCConfigurationList section */
		298EB8D126BD4864007CE2DC /* Build configuration list for PBXProject "TableView-PageCell" */ = {
			isa = XCConfigurationList;
			buildConfigurations = (
				298EB8E826BD4865007CE2DC /* Debug */,
				298EB8E926BD4865007CE2DC /* Release */,
			);
			defaultConfigurationIsVisible = 0;
			defaultConfigurationName = Release;
		};
		298EB8EA26BD4865007CE2DC /* Build configuration list for PBXNativeTarget "TableView-PageCell" */ = {
			isa = XCConfigurationList;
			buildConfigurations = (
				298EB8EB26BD4865007CE2DC /* Debug */,
				298EB8EC26BD4865007CE2DC /* Release */,
			);
			defaultConfigurationIsVisible = 0;
			defaultConfigurationName = Release;
		};
/* End XCConfigurationList section */
	};
	rootObject = 298EB8CE26BD4864007CE2DC /* Project object */;
}
